github.com/approvals/go-approval-tests v0.0.0-20220217205408-02c48c44c897 h1:JZCuWSnSnuJguAi7QPILNrnuoUtUenU67vxMqmSTOWI=
github.com/approvals/go-approval-tests v0.0.0-20220217205408-02c48c44c897/go.mod h1:PJOqSY8IofNv3heAD6k8E7EfFS6okiSS9bSAasaAUME=
github.com/approvals/go-approval-tests v1.2.0 h1:0gnbtkFLryEa7ojI6YSP5SeBHOfYHCWFnOTM8q9BQz4=
github.com/approvals/go-approval-tests v1.2.0/go.mod h1:Jw45q7bEifPpUkRU2S5GCthnwDxMUWPHTGcNewVh6mw=
